
Microsoft Visual Studio Solution File, Format Version 12.00
# Visual Studio Version 17
VisualStudioVersion = 17.0.31903.59
MinimumVisualStudioVersion = 10.0.40219.1
Project("{FAE04EC0-301F-11D3-BF4B-00C04F79EFBC}") = "PisoNet.Core", "PisoNet.Core\PisoNet.Core.csproj", "{GUID_CORE}"
EndProject
Project("{FAE04EC0-301F-11D3-BF4B-00C04F79EFBC}") = "PisoNet.Infrastructure", "PisoNet.Infrastructure\PisoNet.Infrastructure.csproj", "{GUID_INFRA}"
EndProject
Project("{FAE04EC0-301F-11D3-BF4B-00C04F79EFBC}") = "PisoNet.UI", "PisoNet.UI\PisoNet.UI.csproj", "{GUID_UI}"
EndProject
Global
	GlobalSection(SolutionConfigurationPlatforms) = preSolution
		Debug|Any CPU = Debug|Any CPU
		Release|Any CPU = Release|Any CPU
	EndGlobalSection
	GlobalSection(ProjectConfigurationPlatforms) = postSolution
		{GUID_CORE}.Debug|Any CPU.ActiveCfg = Debug|Any CPU
		{GUID_CORE}.Debug|Any CPU.Build.0 = Debug|Any CPU
		{GUID_CORE}.Release|Any CPU.ActiveCfg = Release|Any CPU
		{GUID_CORE}.Release|Any CPU.Build.0 = Release|Any CPU
		{GUID_INFRA}.Debug|Any CPU.ActiveCfg = Debug|Any CPU
		{GUID_INFRA}.Debug|Any CPU.Build.0 = Debug|Any CPU
		{GUID_INFRA}.Release|Any CPU.ActiveCfg = Release|Any CPU
		{GUID_INFRA}.Release|Any CPU.Build.0 = Release|Any CPU
		{GUID_UI}.Debug|Any CPU.ActiveCfg = Debug|Any CPU
		{GUID_UI}.Debug|Any CPU.Build.0 = Debug|Any CPU
		{GUID_UI}.Release|Any CPU.ActiveCfg = Release|Any CPU
		{GUID_UI}.Release|Any CPU.Build.0 = Release|Any CPU
	EndGlobalSection
EndGlobal
